
Microsoft Visual Studio Solution File, Format Version 12.00
# Visual Studio 2013
VisualStudioVersion = 12.0.31101.0
MinimumVisualStudioVersion = 10.0.40219.1
Project("{FAE04EC0-301F-11D3-BF4B-00C04F79EFBC}") = "de-server", "de-server\de-server.csproj", "{B09CA8FE-0D91-4672-9978-C51A3C75DDD3}"
EndProject
Project("{00D1A9C2-B5F0-4AF3-8072-F6C62B433612}") = "de-db", "de-db\de-db.sqlproj", "{E160D95B-3941-4AC1-AAB7-086A4DDBF1C0}"
EndProject
Global
	GlobalSection(SolutionConfigurationPlatforms) = preSolution
		Debug|Any CPU = Debug|Any CPU
		Release|Any CPU = Release|Any CPU
	EndGlobalSection
	GlobalSection(ProjectConfigurationPlatforms) = postSolution
		{B09CA8FE-0D91-4672-9978-C51A3C75DDD3}.Debug|Any CPU.ActiveCfg = Debug|Any CPU
		{B09CA8FE-0D91-4672-9978-C51A3C75DDD3}.Debug|Any CPU.Build.0 = Debug|Any CPU
		{B09CA8FE-0D91-4672-9978-C51A3C75DDD3}.Release|Any CPU.ActiveCfg = Release|Any CPU
		{B09CA8FE-0D91-4672-9978-C51A3C75DDD3}.Release|Any CPU.Build.0 = Release|Any CPU
		{E160D95B-3941-4AC1-AAB7-086A4DDBF1C0}.Debug|Any CPU.ActiveCfg = Debug|Any CPU
		{E160D95B-3941-4AC1-AAB7-086A4DDBF1C0}.Debug|Any CPU.Build.0 = Debug|Any CPU
		{E160D95B-3941-4AC1-AAB7-086A4DDBF1C0}.Debug|Any CPU.Deploy.0 = Debug|Any CPU
		{E160D95B-3941-4AC1-AAB7-086A4DDBF1C0}.Release|Any CPU.ActiveCfg = Release|Any CPU
		{E160D95B-3941-4AC1-AAB7-086A4DDBF1C0}.Release|Any CPU.Build.0 = Release|Any CPU
		{E160D95B-3941-4AC1-AAB7-086A4DDBF1C0}.Release|Any CPU.Deploy.0 = Release|Any CPU
	EndGlobalSection
	GlobalSection(SolutionProperties) = preSolution
		HideSolutionNode = FALSE
	EndGlobalSection
EndGlobal
